
Microsoft Visual Studio Solution File, Format Version 12.00
# Visual Studio Version 17
VisualStudioVersion = 17.13.35828.75 d17.13
MinimumVisualStudioVersion = 10.0.40219.1
Project("{FAE04EC0-301F-11D3-BF4B-00C04F79EFBC}") = "LlmBrainstorm", "LlmBrainstorm.csproj", "{2B81EB89-AF4C-4673-B008-BD6B782F65B8}"
EndProject
Global
	GlobalSection(SolutionConfigurationPlatforms) = preSolution
		Debug|Any CPU = Debug|Any CPU
		Release|Any CPU = Release|Any CPU
	EndGlobalSection
	GlobalSection(ProjectConfigurationPlatforms) = postSolution
		{2B81EB89-AF4C-4673-B008-BD6B782F65B8}.Debug|Any CPU.ActiveCfg = Debug|Any CPU
		{2B81EB89-AF4C-4673-B008-BD6B782F65B8}.Debug|Any CPU.Build.0 = Debug|Any CPU
		{2B81EB89-AF4C-4673-B008-BD6B782F65B8}.Release|Any CPU.ActiveCfg = Release|Any CPU
		{2B81EB89-AF4C-4673-B008-BD6B782F65B8}.Release|Any CPU.Build.0 = Release|Any CPU
	EndGlobalSection
	GlobalSection(SolutionProperties) = preSolution
		HideSolutionNode = FALSE
	EndGlobalSection
	GlobalSection(ExtensibilityGlobals) = postSolution
		SolutionGuid = {6CB9CB82-593A-41FD-B761-D2E9F888E54D}
	EndGlobalSection
EndGlobal
